
Microsoft Visual Studio Solution File, Format Version 12.00
# Visual Studio Version 17
VisualStudioVersion = 17.13.35913.81 d17.13
MinimumVisualStudioVersion = 10.0.40219.1
Project("{FAE04EC0-301F-11D3-BF4B-00C04F79EFBC}") = "URI1001", "URI1001\URI1001.csproj", "{6CCAC101-2E8F-40B7-A3D0-BBB23A54E162}"
EndProject
Global
	GlobalSection(SolutionConfigurationPlatforms) = preSolution
		Debug|Any CPU = Debug|Any CPU
		Release|Any CPU = Release|Any CPU
	EndGlobalSection
	GlobalSection(ProjectConfigurationPlatforms) = postSolution
		{6CCAC101-2E8F-40B7-A3D0-BBB23A54E162}.Debug|Any CPU.ActiveCfg = Debug|Any CPU
		{6CCAC101-2E8F-40B7-A3D0-BBB23A54E162}.Debug|Any CPU.Build.0 = Debug|Any CPU
		{6CCAC101-2E8F-40B7-A3D0-BBB23A54E162}.Release|Any CPU.ActiveCfg = Release|Any CPU
		{6CCAC101-2E8F-40B7-A3D0-BBB23A54E162}.Release|Any CPU.Build.0 = Release|Any CPU
	EndGlobalSection
	GlobalSection(SolutionProperties) = preSolution
		HideSolutionNode = FALSE
	EndGlobalSection
	GlobalSection(ExtensibilityGlobals) = postSolution
		SolutionGuid = {7F4E4A87-02C2-48A9-AA6C-54A1818EDF3B}
	EndGlobalSection
EndGlobal
